
Microsoft Visual Studio Solution File, Format Version 12.00
# Visual Studio Version 17
VisualStudioVersion = 17.1.32328.378
MinimumVisualStudioVersion = 10.0.40219.1
Project("{9A19103F-16F7-4668-BE54-9A1E7A4F7556}") = "DepaumerCore", "DepaumerCore\DepaumerCore.csproj", "{E9EEBB09-04EB-4F77-90AA-DE1B47DF3F86}"
EndProject
Project("{FAE04EC0-301F-11D3-BF4B-00C04F79EFBC}") = "DepaumerConsole", "DepaumerConsole\DepaumerConsole.csproj", "{6663C54E-11A7-48E7-BEA4-81ED7AE459B1}"
EndProject
Project("{FAE04EC0-301F-11D3-BF4B-00C04F79EFBC}") = "DepaumerAndroid", "DepaumerAndroid\DepaumerAndroid.csproj", "{8ECDCFC8-E239-42EF-8031-F885E3472655}"
EndProject
Global
	GlobalSection(SolutionConfigurationPlatforms) = preSolution
		Debug|Any CPU = Debug|Any CPU
		Release|Any CPU = Release|Any CPU
	EndGlobalSection
	GlobalSection(ProjectConfigurationPlatforms) = postSolution
		{E9EEBB09-04EB-4F77-90AA-DE1B47DF3F86}.Debug|Any CPU.ActiveCfg = Debug|Any CPU
		{E9EEBB09-04EB-4F77-90AA-DE1B47DF3F86}.Debug|Any CPU.Build.0 = Debug|Any CPU
		{E9EEBB09-04EB-4F77-90AA-DE1B47DF3F86}.Release|Any CPU.ActiveCfg = Release|Any CPU
		{E9EEBB09-04EB-4F77-90AA-DE1B47DF3F86}.Release|Any CPU.Build.0 = Release|Any CPU
		{6663C54E-11A7-48E7-BEA4-81ED7AE459B1}.Debug|Any CPU.ActiveCfg = Debug|Any CPU
		{6663C54E-11A7-48E7-BEA4-81ED7AE459B1}.Debug|Any CPU.Build.0 = Debug|Any CPU
		{6663C54E-11A7-48E7-BEA4-81ED7AE459B1}.Release|Any CPU.ActiveCfg = Release|Any CPU
		{6663C54E-11A7-48E7-BEA4-81ED7AE459B1}.Release|Any CPU.Build.0 = Release|Any CPU
		{8ECDCFC8-E239-42EF-8031-F885E3472655}.Debug|Any CPU.ActiveCfg = Debug|Any CPU
		{8ECDCFC8-E239-42EF-8031-F885E3472655}.Debug|Any CPU.Build.0 = Debug|Any CPU
		{8ECDCFC8-E239-42EF-8031-F885E3472655}.Debug|Any CPU.Deploy.0 = Debug|Any CPU
		{8ECDCFC8-E239-42EF-8031-F885E3472655}.Release|Any CPU.ActiveCfg = Release|Any CPU
		{8ECDCFC8-E239-42EF-8031-F885E3472655}.Release|Any CPU.Build.0 = Release|Any CPU
		{8ECDCFC8-E239-42EF-8031-F885E3472655}.Release|Any CPU.Deploy.0 = Release|Any CPU
	EndGlobalSection
	GlobalSection(SolutionProperties) = preSolution
		HideSolutionNode = FALSE
	EndGlobalSection
	GlobalSection(ExtensibilityGlobals) = postSolution
		SolutionGuid = {78DFB747-BD73-4D22-AD2D-ACD44FFAB2CD}
	EndGlobalSection
EndGlobal
